
Microsoft Visual Studio Solution File, Format Version 12.00
# Visual Studio Version 16
VisualStudioVersion = 16.0.31729.503
MinimumVisualStudioVersion = 10.0.40219.1
Project("{FAE04EC0-301F-11D3-BF4B-00C04F79EFBC}") = "FootballApplication", "FootballApplication\FootballApplication.csproj", "{35917BA7-F6E8-43AF-86E3-C181A6604344}"
EndProject
Global
	GlobalSection(SolutionConfigurationPlatforms) = preSolution
		Debug|Any CPU = Debug|Any CPU
		Release|Any CPU = Release|Any CPU
	EndGlobalSection
	GlobalSection(ProjectConfigurationPlatforms) = postSolution
		{35917BA7-F6E8-43AF-86E3-C181A6604344}.Debug|Any CPU.ActiveCfg = Debug|Any CPU
		{35917BA7-F6E8-43AF-86E3-C181A6604344}.Debug|Any CPU.Build.0 = Debug|Any CPU
		{35917BA7-F6E8-43AF-86E3-C181A6604344}.Release|Any CPU.ActiveCfg = Release|Any CPU
		{35917BA7-F6E8-43AF-86E3-C181A6604344}.Release|Any CPU.Build.0 = Release|Any CPU
	EndGlobalSection
	GlobalSection(SolutionProperties) = preSolution
		HideSolutionNode = FALSE
	EndGlobalSection
	GlobalSection(ExtensibilityGlobals) = postSolution
		SolutionGuid = {A75340B6-E1C8-4E31-8DFE-4F45495D3533}
	EndGlobalSection
EndGlobal
